
Microsoft Visual Studio Solution File, Format Version 12.00
# Visual Studio 15
Project("{FAE04EC0-301F-11D3-BF4B-00C04F79EFBC}") = "Assembly-CSharp", "Assembly-CSharp.csproj", "{F27443B3-167E-1556-2094-D4082DF670CC}"
EndProject
Project("{FAE04EC0-301F-11D3-BF4B-00C04F79EFBC}") = "Assembly-CSharp-Editor", "Assembly-CSharp-Editor.csproj", "{A3796714-0BFF-4F36-6618-80FD9512576B}"
EndProject
Global
	GlobalSection(SolutionConfigurationPlatforms) = preSolution
		Debug|Any CPU = Debug|Any CPU
		Release|Any CPU = Release|Any CPU
	EndGlobalSection
	GlobalSection(ProjectConfigurationPlatforms) = postSolution
		{F27443B3-167E-1556-2094-D4082DF670CC}.Debug|Any CPU.ActiveCfg = Debug|Any CPU
		{F27443B3-167E-1556-2094-D4082DF670CC}.Debug|Any CPU.Build.0 = Debug|Any CPU
		{F27443B3-167E-1556-2094-D4082DF670CC}.Release|Any CPU.ActiveCfg = Release|Any CPU
		{F27443B3-167E-1556-2094-D4082DF670CC}.Release|Any CPU.Build.0 = Release|Any CPU
		{A3796714-0BFF-4F36-6618-80FD9512576B}.Debug|Any CPU.ActiveCfg = Debug|Any CPU
		{A3796714-0BFF-4F36-6618-80FD9512576B}.Debug|Any CPU.Build.0 = Debug|Any CPU
		{A3796714-0BFF-4F36-6618-80FD9512576B}.Release|Any CPU.ActiveCfg = Release|Any CPU
		{A3796714-0BFF-4F36-6618-80FD9512576B}.Release|Any CPU.Build.0 = Release|Any CPU
	EndGlobalSection
	GlobalSection(SolutionProperties) = preSolution
		HideSolutionNode = FALSE
	EndGlobalSection
EndGlobal
